
Microsoft Visual Studio Solution File, Format Version 12.00
# Visual Studio Version 16
VisualStudioVersion = 16.0.30711.63
MinimumVisualStudioVersion = 10.0.40219.1
Project("{9A19103F-16F7-4668-BE54-9A1E7A4F7556}") = "StockAnalyzer.Core.Ranjit", "StockAnalyzer.Core.Ranjit\StockAnalyzer.Core.Ranjit.csproj", "{06EFA736-FD93-43BA-93BD-8F04967EA448}"
EndProject
Project("{9A19103F-16F7-4668-BE54-9A1E7A4F7556}") = "StockAnalyzer.Windows.Ranjit", "StockAnalyzer.Windows.Ranjit\StockAnalyzer.Windows.Ranjit.csproj", "{9F002A86-E1E0-44ED-92A1-AAE3D8192DED}"
EndProject
Global
	GlobalSection(SolutionConfigurationPlatforms) = preSolution
		Debug|Any CPU = Debug|Any CPU
		Release|Any CPU = Release|Any CPU
	EndGlobalSection
	GlobalSection(ProjectConfigurationPlatforms) = postSolution
		{06EFA736-FD93-43BA-93BD-8F04967EA448}.Debug|Any CPU.ActiveCfg = Debug|Any CPU
		{06EFA736-FD93-43BA-93BD-8F04967EA448}.Debug|Any CPU.Build.0 = Debug|Any CPU
		{06EFA736-FD93-43BA-93BD-8F04967EA448}.Release|Any CPU.ActiveCfg = Release|Any CPU
		{06EFA736-FD93-43BA-93BD-8F04967EA448}.Release|Any CPU.Build.0 = Release|Any CPU
		{9F002A86-E1E0-44ED-92A1-AAE3D8192DED}.Debug|Any CPU.ActiveCfg = Debug|Any CPU
		{9F002A86-E1E0-44ED-92A1-AAE3D8192DED}.Debug|Any CPU.Build.0 = Debug|Any CPU
		{9F002A86-E1E0-44ED-92A1-AAE3D8192DED}.Release|Any CPU.ActiveCfg = Release|Any CPU
		{9F002A86-E1E0-44ED-92A1-AAE3D8192DED}.Release|Any CPU.Build.0 = Release|Any CPU
	EndGlobalSection
	GlobalSection(SolutionProperties) = preSolution
		HideSolutionNode = FALSE
	EndGlobalSection
	GlobalSection(ExtensibilityGlobals) = postSolution
		SolutionGuid = {E7D0BC42-793A-4E5C-A148-955F6187C3FC}
	EndGlobalSection
EndGlobal
